
Microsoft Visual Studio Solution File, Format Version 12.00
# Visual Studio Version 17
VisualStudioVersion = 17.11.35312.102
MinimumVisualStudioVersion = 10.0.40219.1
Project("{FAE04EC0-301F-11D3-BF4B-00C04F79EFBC}") = "HERENCIAS-3", "HERENCIAS-3\HERENCIAS-3.csproj", "{6E191714-B6F7-4A99-B1F1-07719F7D6345}"
EndProject
Global
	GlobalSection(SolutionConfigurationPlatforms) = preSolution
		Debug|Any CPU = Debug|Any CPU
		Release|Any CPU = Release|Any CPU
	EndGlobalSection
	GlobalSection(ProjectConfigurationPlatforms) = postSolution
		{6E191714-B6F7-4A99-B1F1-07719F7D6345}.Debug|Any CPU.ActiveCfg = Debug|Any CPU
		{6E191714-B6F7-4A99-B1F1-07719F7D6345}.Debug|Any CPU.Build.0 = Debug|Any CPU
		{6E191714-B6F7-4A99-B1F1-07719F7D6345}.Release|Any CPU.ActiveCfg = Release|Any CPU
		{6E191714-B6F7-4A99-B1F1-07719F7D6345}.Release|Any CPU.Build.0 = Release|Any CPU
	EndGlobalSection
	GlobalSection(SolutionProperties) = preSolution
		HideSolutionNode = FALSE
	EndGlobalSection
	GlobalSection(ExtensibilityGlobals) = postSolution
		SolutionGuid = {97AF0E6C-B7F7-4E83-97E2-96157DAAA220}
	EndGlobalSection
EndGlobal
